// !$*UTF8*$!
{
	archiveVersion = 1;
	classes = {
	};
	objectVersion = 50;
	objects = {

/* Begin PBXBuildFile section */
		1D02229D21BB98670001A139 /* AppDelegate.swift in Sources */ = {isa = PBXBuildFile; fileRef = 1D02229C21BB98670001A139 /* AppDelegate.swift */; };
		1D02229F21BB98670001A139 /* Tracker.swift in Sources */ = {isa = PBXBuildFile; fileRef = 1D02229E21BB98670001A139 /* Tracker.swift */; };
		1D0222A121BB98670001A139 /* Calculator.swift in Sources */ = {isa = PBXBuildFile; fileRef = 1D0222A021BB98670001A139 /* Calculator.swift */; };
		1D0222A421BB98670001A139 /* Main.storyboard in Resources */ = {isa = PBXBuildFile; fileRef = 1D0222A221BB98670001A139 /* Main.storyboard */; };
		1D0222A621BB98690001A139 /* Assets.xcassets in Resources */ = {isa = PBXBuildFile; fileRef = 1D0222A521BB98690001A139 /* Assets.xcassets */; };
		1D0222A921BB98690001A139 /* LaunchScreen.storyboard in Resources */ = {isa = PBXBuildFile; fileRef = 1D0222A721BB98690001A139 /* LaunchScreen.storyboard */; };
		1D0222B421BB986A0001A139 /* finalprojTests.swift in Sources */ = {isa = PBXBuildFile; fileRef = 1D0222B321BB986A0001A139 /* finalprojTests.swift */; };
		1D0222BF21BB9C6E0001A139 /* Music.swift in Sources */ = {isa = PBXBuildFile; fileRef = 1D0222BE21BB9C6E0001A139 /* Music.swift */; };
		1D0222C121BB9C9F0001A139 /* Journal.swift in Sources */ = {isa = PBXBuildFile; fileRef = 1D0222C021BB9C9F0001A139 /* Journal.swift */; };
		2676CBC521BD1E6A004B33C7 /* Calculator.storyboard in Resources */ = {isa = PBXBuildFile; fileRef = 2676CBC321BD1E6A004B33C7 /* Calculator.storyboard */; };
		6EED34C521C254F100BFE3C5 /* music.storyboard in Resources */ = {isa = PBXBuildFile; fileRef = 6EED34C321C254F100BFE3C5 /* music.storyboard */; };
		6EED34CB21C255C100BFE3C5 /* Benny Blanco, Halsey & Khalid - Eastside (Lyrics).mp3 in Resources */ = {isa = PBXBuildFile; fileRef = 6EED34C721C255C000BFE3C5 /* Benny Blanco, Halsey & Khalid - Eastside (Lyrics).mp3 */; };
		6EED34CC21C255C100BFE3C5 /* Maroon 5 - Girls Like You (Lyrics) ft. Cardi B.mp3 in Resources */ = {isa = PBXBuildFile; fileRef = 6EED34C821C255C000BFE3C5 /* Maroon 5 - Girls Like You (Lyrics) ft. Cardi B.mp3 */; };
		6EED34CD21C255C100BFE3C5 /* The Chainsmokers - Inside Out ft. Charlee (Audio).mp3 in Resources */ = {isa = PBXBuildFile; fileRef = 6EED34C921C255C000BFE3C5 /* The Chainsmokers - Inside Out ft. Charlee (Audio).mp3 */; };
		6EED34CE21C255C100BFE3C5 /* The Chainsmokers - Waterbed ft. Waterbed (Audio).mp3 in Resources */ = {isa = PBXBuildFile; fileRef = 6EED34CA21C255C000BFE3C5 /* The Chainsmokers - Waterbed ft. Waterbed (Audio).mp3 */; };
		6EED34D021C2569700BFE3C5 /* musicPlayer.swift in Sources */ = {isa = PBXBuildFile; fileRef = 6EED34CF21C2569700BFE3C5 /* musicPlayer.swift */; };
		6EED34D221C2717300BFE3C5 /* weights.jpg in Resources */ = {isa = PBXBuildFile; fileRef = 6EED34D121C2717300BFE3C5 /* weights.jpg */; };
/* End PBXBuildFile section */

/* Begin PBXContainerItemProxy section */
		1D0222B021BB986A0001A139 /* PBXContainerItemProxy */ = {
			isa = PBXContainerItemProxy;
			containerPortal = 1D02229121BB98670001A139 /* Project object */;
			proxyType = 1;
			remoteGlobalIDString = 1D02229821BB98670001A139;
			remoteInfo = finalproj;
		};
/* End PBXContainerItemProxy section */

/* Begin PBXFileReference section */
		1D02229921BB98670001A139 /* finalproj.app */ = {isa = PBXFileReference; explicitFileType = wrapper.application; includeInIndex = 0; path = finalproj.app; sourceTree = BUILT_PRODUCTS_DIR; };
		1D02229C21BB98670001A139 /* AppDelegate.swift */ = {isa = PBXFileReference; lastKnownFileType = sourcecode.swift; path = AppDelegate.swift; sourceTree = "<group>"; };
		1D02229E21BB98670001A139 /* Tracker.swift */ = {isa = PBXFileReference; lastKnownFileType = sourcecode.swift; path = Tracker.swift; sourceTree = "<group>"; };
		1D0222A021BB98670001A139 /* Calculator.swift */ = {isa = PBXFileReference; lastKnownFileType = sourcecode.swift; path = Calculator.swift; sourceTree = "<group>"; };
		1D0222A321BB98670001A139 /* Base */ = {isa = PBXFileReference; lastKnownFileType = file.storyboard; name = Base; path = Base.lproj/Main.storyboard; sourceTree = "<group>"; };
		1D0222A521BB98690001A139 /* Assets.xcassets */ = {isa = PBXFileReference; lastKnownFileType = folder.assetcatalog; path = Assets.xcassets; sourceTree = "<group>"; };
		1D0222A821BB98690001A139 /* Base */ = {isa = PBXFileReference; lastKnownFileType = file.storyboard; name = Base; path = Base.lproj/LaunchScreen.storyboard; sourceTree = "<group>"; };
		1D0222AA21BB98690001A139 /* Info.plist */ = {isa = PBXFileReference; lastKnownFileType = text.plist.xml; path = Info.plist; sourceTree = "<group>"; };
		1D0222AF21BB986A0001A139 /* finalprojTests.xctest */ = {isa = PBXFileReference; explicitFileType = wrapper.cfbundle; includeInIndex = 0; path = finalprojTests.xctest; sourceTree = BUILT_PRODUCTS_DIR; };
		1D0222B321BB986A0001A139 /* finalprojTests.swift */ = {isa = PBXFileReference; lastKnownFileType = sourcecode.swift; path = finalprojTests.swift; sourceTree = "<group>"; };
		1D0222B521BB986A0001A139 /* Info.plist */ = {isa = PBXFileReference; lastKnownFileType = text.plist.xml; path = Info.plist; sourceTree = "<group>"; };
		1D0222BE21BB9C6E0001A139 /* Music.swift */ = {isa = PBXFileReference; lastKnownFileType = sourcecode.swift; path = Music.swift; sourceTree = "<group>"; };
		1D0222C021BB9C9F0001A139 /* Journal.swift */ = {isa = PBXFileReference; lastKnownFileType = sourcecode.swift; path = Journal.swift; sourceTree = "<group>"; };
		2676CBC421BD1E6A004B33C7 /* Base */ = {isa = PBXFileReference; lastKnownFileType = file.storyboard; name = Base; path = finalproj/Base.lproj/Calculator.storyboard; sourceTree = "<group>"; };
		6EED34C421C254F100BFE3C5 /* Base */ = {isa = PBXFileReference; lastKnownFileType = file.storyboard; name = Base; path = finalproj/Base.lproj/music.storyboard; sourceTree = "<group>"; };
		6EED34C721C255C000BFE3C5 /* Benny Blanco, Halsey & Khalid - Eastside (Lyrics).mp3 */ = {isa = PBXFileReference; lastKnownFileType = audio.mp3; path = "Benny Blanco, Halsey & Khalid - Eastside (Lyrics).mp3"; sourceTree = "<group>"; };
		6EED34C821C255C000BFE3C5 /* Maroon 5 - Girls Like You (Lyrics) ft. Cardi B.mp3 */ = {isa = PBXFileReference; lastKnownFileType = audio.mp3; path = "Maroon 5 - Girls Like You (Lyrics) ft. Cardi B.mp3"; sourceTree = "<group>"; };
		6EED34C921C255C000BFE3C5 /* The Chainsmokers - Inside Out ft. Charlee (Audio).mp3 */ = {isa = PBXFileReference; lastKnownFileType = audio.mp3; path = "The Chainsmokers - Inside Out ft. Charlee (Audio).mp3"; sourceTree = "<group>"; };
		6EED34CA21C255C000BFE3C5 /* The Chainsmokers - Waterbed ft. Waterbed (Audio).mp3 */ = {isa = PBXFileReference; lastKnownFileType = audio.mp3; path = "The Chainsmokers - Waterbed ft. Waterbed (Audio).mp3"; sourceTree = "<group>"; };
		6EED34CF21C2569700BFE3C5 /* musicPlayer.swift */ = {isa = PBXFileReference; lastKnownFileType = sourcecode.swift; path = musicPlayer.swift; sourceTree = "<group>"; };
		6EED34D121C2717300BFE3C5 /* weights.jpg */ = {isa = PBXFileReference; lastKnownFileType = image.jpeg; path = weights.jpg; sourceTree = "<group>"; };
/* End PBXFileReference section */

/* Begin PBXFrameworksBuildPhase section */
		1D02229621BB98670001A139 /* Frameworks */ = {
			isa = PBXFrameworksBuildPhase;
			buildActionMask = 2147483647;
			files = (
			);
			runOnlyForDeploymentPostprocessing = 0;
		};
		1D0222AC21BB986A0001A139 /* Frameworks */ = {
			isa = PBXFrameworksBuildPhase;
			buildActionMask = 2147483647;
			files = (
			);
			runOnlyForDeploymentPostprocessing = 0;
		};
/* End PBXFrameworksBuildPhase section */

/* Begin PBXGroup section */
		1D02229021BB98670001A139 = {
			isa = PBXGroup;
			children = (
				6EED34CF21C2569700BFE3C5 /* musicPlayer.swift */,
				6EED34C321C254F100BFE3C5 /* music.storyboard */,
				1D02229B21BB98670001A139 /* finalproj */,
				1D0222B221BB986A0001A139 /* finalprojTests */,
				1D02229A21BB98670001A139 /* Products */,
			);
			sourceTree = "<group>";
		};
		1D02229A21BB98670001A139 /* Products */ = {
			isa = PBXGroup;
			children = (
				1D02229921BB98670001A139 /* finalproj.app */,
				1D0222AF21BB986A0001A139 /* finalprojTests.xctest */,
			);
			name = Products;
			sourceTree = "<group>";
		};
		1D02229B21BB98670001A139 /* finalproj */ = {
			isa = PBXGroup;
			children = (
				1D02229C21BB98670001A139 /* AppDelegate.swift */,
				1D02229E21BB98670001A139 /* Tracker.swift */,
				1D0222A021BB98670001A139 /* Calculator.swift */,
				2676CBC321BD1E6A004B33C7 /* Calculator.storyboard */,
				1D0222BE21BB9C6E0001A139 /* Music.swift */,
				1D0222C021BB9C9F0001A139 /* Journal.swift */,
				1D0222A221BB98670001A139 /* Main.storyboard */,
				1D0222A521BB98690001A139 /* Assets.xcassets */,
				1D0222A721BB98690001A139 /* LaunchScreen.storyboard */,
				1D0222AA21BB98690001A139 /* Info.plist */,
				6EED34C621C255C000BFE3C5 /* songs */,
			);
			path = finalproj;
			sourceTree = "<group>";
		};
		1D0222B221BB986A0001A139 /* finalprojTests */ = {
			isa = PBXGroup;
			children = (
				1D0222B321BB986A0001A139 /* finalprojTests.swift */,
				1D0222B521BB986A0001A139 /* Info.plist */,
			);
			path = finalprojTests;
			sourceTree = "<group>";
		};
		6EED34C621C255C000BFE3C5 /* songs */ = {
			isa = PBXGroup;
			children = (
				6EED34D121C2717300BFE3C5 /* weights.jpg */,
				6EED34C721C255C000BFE3C5 /* Benny Blanco, Halsey & Khalid - Eastside (Lyrics).mp3 */,
				6EED34C821C255C000BFE3C5 /* Maroon 5 - Girls Like You (Lyrics) ft. Cardi B.mp3 */,
				6EED34C921C255C000BFE3C5 /* The Chainsmokers - Inside Out ft. Charlee (Audio).mp3 */,
				6EED34CA21C255C000BFE3C5 /* The Chainsmokers - Waterbed ft. Waterbed (Audio).mp3 */,
			);
			path = songs;
			sourceTree = "<group>";
		};
/* End PBXGroup section */

/* Begin PBXNativeTarget section */
		1D02229821BB98670001A139 /* finalproj */ = {
			isa = PBXNativeTarget;
			buildConfigurationList = 1D0222B821BB986A0001A139 /* Build configuration list for PBXNativeTarget "finalproj" */;
			buildPhases = (
				1D02229521BB98670001A139 /* Sources */,
				1D02229621BB98670001A139 /* Frameworks */,
				1D02229721BB98670001A139 /* Resources */,
			);
			buildRules = (
			);
			dependencies = (
			);
			name = finalproj;
			productName = finalproj;
			productReference = 1D02229921BB98670001A139 /* finalproj.app */;
			productType = "com.apple.product-type.application";
		};
		1D0222AE21BB986A0001A139 /* finalprojTests */ = {
			isa = PBXNativeTarget;
			buildConfigurationList = 1D0222BB21BB986A0001A139 /* Build configuration list for PBXNativeTarget "finalprojTests" */;
			buildPhases = (
				1D0222AB21BB986A0001A139 /* Sources */,
				1D0222AC21BB986A0001A139 /* Frameworks */,
				1D0222AD21BB986A0001A139 /* Resources */,
			);
			buildRules = (
			);
			dependencies = (
				1D0222B121BB986A0001A139 /* PBXTargetDependency */,
			);
			name = finalprojTests;
			productName = finalprojTests;
			productReference = 1D0222AF21BB986A0001A139 /* finalprojTests.xctest */;
			productType = "com.apple.product-type.bundle.unit-test";
		};
/* End PBXNativeTarget section */

/* Begin PBXProject section */
		1D02229121BB98670001A139 /* Project object */ = {
			isa = PBXProject;
			attributes = {
				LastSwiftUpdateCheck = 1010;
				LastUpgradeCheck = 1010;
				ORGANIZATIONNAME = "Jasmine Chen";
				TargetAttributes = {
					1D02229821BB98670001A139 = {
						CreatedOnToolsVersion = 10.1;
					};
					1D0222AE21BB986A0001A139 = {
						CreatedOnToolsVersion = 10.1;
						TestTargetID = 1D02229821BB98670001A139;
					};
				};
			};
			buildConfigurationList = 1D02229421BB98670001A139 /* Build configuration list for PBXProject "finalproj" */;
			compatibilityVersion = "Xcode 9.3";
			developmentRegion = en;
			hasScannedForEncodings = 0;
			knownRegions = (
				en,
				Base,
			);
			mainGroup = 1D02229021BB98670001A139;
			productRefGroup = 1D02229A21BB98670001A139 /* Products */;
			projectDirPath = "";
			projectRoot = "";
			targets = (
				1D02229821BB98670001A139 /* finalproj */,
				1D0222AE21BB986A0001A139 /* finalprojTests */,
			);
		};
/* End PBXProject section */

/* Begin PBXResourcesBuildPhase section */
		1D02229721BB98670001A139 /* Resources */ = {
			isa = PBXResourcesBuildPhase;
			buildActionMask = 2147483647;
			files = (
				1D0222A921BB98690001A139 /* LaunchScreen.storyboard in Resources */,
				6EED34C521C254F100BFE3C5 /* music.storyboard in Resources */,
				1D0222A621BB98690001A139 /* Assets.xcassets in Resources */,
				6EED34CE21C255C100BFE3C5 /* The Chainsmokers - Waterbed ft. Waterbed (Audio).mp3 in Resources */,
				6EED34CD21C255C100BFE3C5 /* The Chainsmokers - Inside Out ft. Charlee (Audio).mp3 in Resources */,
				6EED34CC21C255C100BFE3C5 /* Maroon 5 - Girls Like You (Lyrics) ft. Cardi B.mp3 in Resources */,
				2676CBC521BD1E6A004B33C7 /* Calculator.storyboard in Resources */,
				1D0222A421BB98670001A139 /* Main.storyboard in Resources */,
				6EED34CB21C255C100BFE3C5 /* Benny Blanco, Halsey & Khalid - Eastside (Lyrics).mp3 in Resources */,
				6EED34D221C2717300BFE3C5 /* weights.jpg in Resources */,
			);
			runOnlyForDeploymentPostprocessing = 0;
		};
		1D0222AD21BB986A0001A139 /* Resources */ = {
			isa = PBXResourcesBuildPhase;
			buildActionMask = 2147483647;
			files = (
			);
			runOnlyForDeploymentPostprocessing = 0;
		};
/* End PBXResourcesBuildPhase section */

/* Begin PBXSourcesBuildPhase section */
		1D02229521BB98670001A139 /* Sources */ = {
			isa = PBXSourcesBuildPhase;
			buildActionMask = 2147483647;
			files = (
				6EED34D021C2569700BFE3C5 /* musicPlayer.swift in Sources */,
				1D0222A121BB98670001A139 /* Calculator.swift in Sources */,
				1D0222C121BB9C9F0001A139 /* Journal.swift in Sources */,
				1D02229D21BB98670001A139 /* AppDelegate.swift in Sources */,
				1D02229F21BB98670001A139 /* Tracker.swift in Sources */,
				1D0222BF21BB9C6E0001A139 /* Music.swift in Sources */,
			);
			runOnlyForDeploymentPostprocessing = 0;
		};
		1D0222AB21BB986A0001A139 /* Sources */ = {
			isa = PBXSourcesBuildPhase;
			buildActionMask = 2147483647;
			files = (
				1D0222B421BB986A0001A139 /* finalprojTests.swift in Sources */,
			);
			runOnlyForDeploymentPostprocessing = 0;
		};
/* End PBXSourcesBuildPhase section */

/* Begin PBXTargetDependency section */
		1D0222B121BB986A0001A139 /* PBXTargetDependency */ = {
			isa = PBXTargetDependency;
			target = 1D02229821BB98670001A139 /* finalproj */;
			targetProxy = 1D0222B021BB986A0001A139 /* PBXContainerItemProxy */;
		};
/* End PBXTargetDependency section */

/* Begin PBXVariantGroup section */
		1D0222A221BB98670001A139 /* Main.storyboard */ = {
			isa = PBXVariantGroup;
			children = (
				1D0222A321BB98670001A139 /* Base */,
			);
			name = Main.storyboard;
			sourceTree = "<group>";
		};
		1D0222A721BB98690001A139 /* LaunchScreen.storyboard */ = {
			isa = PBXVariantGroup;
			children = (
				1D0222A821BB98690001A139 /* Base */,
			);
			name = LaunchScreen.storyboard;
			sourceTree = "<group>";
		};
		2676CBC321BD1E6A004B33C7 /* Calculator.storyboard */ = {
			isa = PBXVariantGroup;
			children = (
				2676CBC421BD1E6A004B33C7 /* Base */,
			);
			name = Calculator.storyboard;
			sourceTree = "<group>";
		};
		6EED34C321C254F100BFE3C5 /* music.storyboard */ = {
			isa = PBXVariantGroup;
			children = (
				6EED34C421C254F100BFE3C5 /* Base */,
			);
			name = music.storyboard;
			sourceTree = "<group>";
		};
/* End PBXVariantGroup section */

/* Begin XCBuildConfiguration section */
		1D0222B621BB986A0001A139 /* Debug */ = {
			isa = XCBuildConfiguration;
			buildSettings = {
				ALWAYS_SEARCH_USER_PATHS = NO;
				CLANG_ANALYZER_NONNULL = YES;
				CLANG_ANALYZER_NUMBER_OBJECT_CONVERSION = YES_AGGRESSIVE;
				CLANG_CXX_LANGUAGE_STANDARD = "gnu++14";
				CLANG_CXX_LIBRARY = "libc++";
				CLANG_ENABLE_MODULES = YES;
				CLANG_ENABLE_OBJC_ARC = YES;
				CLANG_ENABLE_OBJC_WEAK = YES;
				CLANG_WARN_BLOCK_CAPTURE_AUTORELEASING = YES;
				CLANG_WARN_BOOL_CONVERSION = YES;
				CLANG_WARN_COMMA = YES;
				CLANG_WARN_CONSTANT_CONVERSION = YES;
				CLANG_WARN_DEPRECATED_OBJC_IMPLEMENTATIONS = YES;
				CLANG_WARN_DIRECT_OBJC_ISA_USAGE = YES_ERROR;
				CLANG_WARN_DOCUMENTATION_COMMENTS = YES;
				CLANG_WARN_EMPTY_BODY = YES;
				CLANG_WARN_ENUM_CONVERSION = YES;
				CLANG_WARN_INFINITE_RECURSION = YES;
				CLANG_WARN_INT_CONVERSION = YES;
				CLANG_WARN_NON_LITERAL_NULL_CONVERSION = YES;
				CLANG_WARN_OBJC_IMPLICIT_RETAIN_SELF = YES;
				CLANG_WARN_OBJC_LITERAL_CONVERSION = YES;
				CLANG_WARN_OBJC_ROOT_CLASS = YES_ERROR;
				CLANG_WARN_RANGE_LOOP_ANALYSIS = YES;
				CLANG_WARN_STRICT_PROTOTYPES = YES;
				CLANG_WARN_SUSPICIOUS_MOVE = YES;
				CLANG_WARN_UNGUARDED_AVAILABILITY = YES_AGGRESSIVE;
				CLANG_WARN_UNREACHABLE_CODE = YES;
				CLANG_WARN__DUPLICATE_METHOD_MATCH = YES;
				CODE_SIGN_IDENTITY = "iPhone Developer";
				COPY_PHASE_STRIP = NO;
				DEBUG_INFORMATION_FORMAT = dwarf;
				ENABLE_STRICT_OBJC_MSGSEND = YES;
				ENABLE_TESTABILITY = YES;
				GCC_C_LANGUAGE_STANDARD = gnu11;
				GCC_DYNAMIC_NO_PIC = NO;
				GCC_NO_COMMON_BLOCKS = YES;
				GCC_OPTIMIZATION_LEVEL = 0;
				GCC_PREPROCESSOR_DEFINITIONS = (
					"DEBUG=1",
					"$(inherited)",
				);
				GCC_WARN_64_TO_32_BIT_CONVERSION = YES;
				GCC_WARN_ABOUT_RETURN_TYPE = YES_ERROR;
				GCC_WARN_UNDECLARED_SELECTOR = YES;
				GCC_WARN_UNINITIALIZED_AUTOS = YES_AGGRESSIVE;
				GCC_WARN_UNUSED_FUNCTION = YES;
				GCC_WARN_UNUSED_VARIABLE = YES;
				IPHONEOS_DEPLOYMENT_TARGET = 12.1;
				MTL_ENABLE_DEBUG_INFO = INCLUDE_SOURCE;
				MTL_FAST_MATH = YES;
				ONLY_ACTIVE_ARCH = YES;
				SDKROOT = iphoneos;
				SWIFT_ACTIVE_COMPILATION_CONDITIONS = DEBUG;
				SWIFT_OPTIMIZATION_LEVEL = "-Onone";
			};
			name = Debug;
		};
		1D0222B721BB986A0001A139 /* Release */ = {
			isa = XCBuildConfiguration;
			buildSettings = {
				ALWAYS_SEARCH_USER_PATHS = NO;
				CLANG_ANALYZER_NONNULL = YES;
				CLANG_ANALYZER_NUMBER_OBJECT_CONVERSION = YES_AGGRESSIVE;
				CLANG_CXX_LANGUAGE_STANDARD = "gnu++14";
				CLANG_CXX_LIBRARY = "libc++";
				CLANG_ENABLE_MODULES = YES;
				CLANG_ENABLE_OBJC_ARC = YES;
				CLANG_ENABLE_OBJC_WEAK = YES;
				CLANG_WARN_BLOCK_CAPTURE_AUTORELEASING = YES;
				CLANG_WARN_BOOL_CONVERSION = YES;
				CLANG_WARN_COMMA = YES;
				CLANG_WARN_CONSTANT_CONVERSION = YES;
				CLANG_WARN_DEPRECATED_OBJC_IMPLEMENTATIONS = YES;
				CLANG_WARN_DIRECT_OBJC_ISA_USAGE = YES_ERROR;
				CLANG_WARN_DOCUMENTATION_COMMENTS = YES;
				CLANG_WARN_EMPTY_BODY = YES;
				CLANG_WARN_ENUM_CONVERSION = YES;
				CLANG_WARN_INFINITE_RECURSION = YES;
				CLANG_WARN_INT_CONVERSION = YES;
				CLANG_WARN_NON_LITERAL_NULL_CONVERSION = YES;
				CLANG_WARN_OBJC_IMPLICIT_RETAIN_SELF = YES;
				CLANG_WARN_OBJC_LITERAL_CONVERSION = YES;
				CLANG_WARN_OBJC_ROOT_CLASS = YES_ERROR;
				CLANG_WARN_RANGE_LOOP_ANALYSIS = YES;
				CLANG_WARN_STRICT_PROTOTYPES = YES;
				CLANG_WARN_SUSPICIOUS_MOVE = YES;
				CLANG_WARN_UNGUARDED_AVAILABILITY = YES_AGGRESSIVE;
				CLANG_WARN_UNREACHABLE_CODE = YES;
				CLANG_WARN__DUPLICATE_METHOD_MATCH = YES;
				CODE_SIGN_IDENTITY = "iPhone Developer";
				COPY_PHASE_STRIP = NO;
				DEBUG_INFORMATION_FORMAT = "dwarf-with-dsym";
				ENABLE_NS_ASSERTIONS = NO;
				ENABLE_STRICT_OBJC_MSGSEND = YES;
				GCC_C_LANGUAGE_STANDARD = gnu11;
				GCC_NO_COMMON_BLOCKS = YES;
				GCC_WARN_64_TO_32_BIT_CONVERSION = YES;
				GCC_WARN_ABOUT_RETURN_TYPE = YES_ERROR;
				GCC_WARN_UNDECLARED_SELECTOR = YES;
				GCC_WARN_UNINITIALIZED_AUTOS = YES_AGGRESSIVE;
				GCC_WARN_UNUSED_FUNCTION = YES;
				GCC_WARN_UNUSED_VARIABLE = YES;
				IPHONEOS_DEPLOYMENT_TARGET = 12.1;
				MTL_ENABLE_DEBUG_INFO = NO;
				MTL_FAST_MATH = YES;
				SDKROOT = iphoneos;
				SWIFT_COMPILATION_MODE = wholemodule;
				SWIFT_OPTIMIZATION_LEVEL = "-O";
				VALIDATE_PRODUCT = YES;
			};
			name = Release;
		};
		1D0222B921BB986A0001A139 /* Debug */ = {
			isa = XCBuildConfiguration;
			buildSettings = {
				ASSETCATALOG_COMPILER_APPICON_NAME = AppIcon;
				CODE_SIGN_STYLE = Automatic;
				DEVELOPMENT_TEAM = R9RQGQ4929;
				INFOPLIST_FILE = finalproj/Info.plist;
				LD_RUNPATH_SEARCH_PATHS = (
					"$(inherited)",
					"@executable_path/Frameworks",
				);
				PRODUCT_BUNDLE_IDENTIFIER = com.jasminechen.finalproj;
				PRODUCT_NAME = "$(TARGET_NAME)";
				SWIFT_VERSION = 4.2;
				TARGETED_DEVICE_FAMILY = "1,2";
			};
			name = Debug;
		};
		1D0222BA21BB986A0001A139 /* Release */ = {
			isa = XCBuildConfiguration;
			buildSettings = {
				ASSETCATALOG_COMPILER_APPICON_NAME = AppIcon;
				CODE_SIGN_STYLE = Automatic;
				DEVELOPMENT_TEAM = R9RQGQ4929;
				INFOPLIST_FILE = finalproj/Info.plist;
				LD_RUNPATH_SEARCH_PATHS = (
					"$(inherited)",
					"@executable_path/Frameworks",
				);
				PRODUCT_BUNDLE_IDENTIFIER = com.jasminechen.finalproj;
				PRODUCT_NAME = "$(TARGET_NAME)";
				SWIFT_VERSION = 4.2;
				TARGETED_DEVICE_FAMILY = "1,2";
			};
			name = Release;
		};
		1D0222BC21BB986A0001A139 /* Debug */ = {
			isa = XCBuildConfiguration;
			buildSettings = {
				ALWAYS_EMBED_SWIFT_STANDARD_LIBRARIES = YES;
				BUNDLE_LOADER = "$(TEST_HOST)";
				CODE_SIGN_STYLE = Automatic;
				DEVELOPMENT_TEAM = R9RQGQ4929;
				INFOPLIST_FILE = finalprojTests/Info.plist;
				LD_RUNPATH_SEARCH_PATHS = (
					"$(inherited)",
					"@executable_path/Frameworks",
					"@loader_path/Frameworks",
				);
				PRODUCT_BUNDLE_IDENTIFIER = com.jasminechen.finalprojTests;
				PRODUCT_NAME = "$(TARGET_NAME)";
				SWIFT_VERSION = 4.2;
				TARGETED_DEVICE_FAMILY = "1,2";
				TEST_HOST = "$(BUILT_PRODUCTS_DIR)/finalproj.app/finalproj";
			};
			name = Debug;
		};
		1D0222BD21BB986A0001A139 /* Release */ = {
			isa = XCBuildConfiguration;
			buildSettings = {
				ALWAYS_EMBED_SWIFT_STANDARD_LIBRARIES = YES;
				BUNDLE_LOADER = "$(TEST_HOST)";
				CODE_SIGN_STYLE = Automatic;
				DEVELOPMENT_TEAM = R9RQGQ4929;
				INFOPLIST_FILE = finalprojTests/Info.plist;
				LD_RUNPATH_SEARCH_PATHS = (
					"$(inherited)",
					"@executable_path/Frameworks",
					"@loader_path/Frameworks",
				);
				PRODUCT_BUNDLE_IDENTIFIER = com.jasminechen.finalprojTests;
				PRODUCT_NAME = "$(TARGET_NAME)";
				SWIFT_VERSION = 4.2;
				TARGETED_DEVICE_FAMILY = "1,2";
				TEST_HOST = "$(BUILT_PRODUCTS_DIR)/finalproj.app/finalproj";
			};
			name = Release;
		};
/* End XCBuildConfiguration section */

/* Begin XCConfigurationList section */
		1D02229421BB98670001A139 /* Build configuration list for PBXProject "finalproj" */ = {
			isa = XCConfigurationList;
			buildConfigurations = (
				1D0222B621BB986A0001A139 /* Debug */,
				1D0222B721BB986A0001A139 /* Release */,
			);
			defaultConfigurationIsVisible = 0;
			defaultConfigurationName = Release;
		};
		1D0222B821BB986A0001A139 /* Build configuration list for PBXNativeTarget "finalproj" */ = {
			isa = XCConfigurationList;
			buildConfigurations = (
				1D0222B921BB986A0001A139 /* Debug */,
				1D0222BA21BB986A0001A139 /* Release */,
			);
			defaultConfigurationIsVisible = 0;
			defaultConfigurationName = Release;
		};
		1D0222BB21BB986A0001A139 /* Build configuration list for PBXNativeTarget "finalprojTests" */ = {
			isa = XCConfigurationList;
			buildConfigurations = (
				1D0222BC21BB986A0001A139 /* Debug */,
				1D0222BD21BB986A0001A139 /* Release */,
			);
			defaultConfigurationIsVisible = 0;
			defaultConfigurationName = Release;
		};
/* End XCConfigurationList section */
	};
	rootObject = 1D02229121BB98670001A139 /* Project object */;
}
